{
  "name": "@quario/skills",
  "version": "0.0.0",
  "lockfileVersion": 3,
  "requires": true,
  "packages": {
    "": {
      "name": "@quario/skills",
      "version": "0.0.0",
      "devDependencies": {
        "@quario/pdf": "^0.13.0",
        "quario": "^0.14.0"
      },
      "engines": {
        "node": ">=22.0.0"
      }
    },
    "node_modules/@cantoo/pdf-lib": {
      "version": "2.11.1",
      "resolved": "https://registry.npmjs.org/@cantoo/pdf-lib/-/pdf-lib-2.11.1.tgz",
      "integrity": "sha512-lYuRJFfXgoP8WVE8HYSeoLfDcnSXmjMLmdZS7YvmYHngbcZfiqDOruHrZBqjYizkrNa4ad1yW4WCrPYyb26T3Q==",
      "dev": true,
      "license": "MIT",
      "dependencies": {
        "culori": ">=4",
        "fflate": "^0.8.2",
        "node-html-better-parser": ">=1.5.9",
        "tslib": ">=2"
      },
      "peerDependencies": {
        "html-entities": ">=2.3.2"
      }
    },
    "node_modules/@pdf-lib/standard-fonts": {
      "version": "1.0.0",
      "resolved": "https://registry.npmjs.org/@pdf-lib/standard-fonts/-/standard-fonts-1.0.0.tgz",
      "integrity": "sha512-hU30BK9IUN/su0Mn9VdlVKsWBS6GyhVfqjwl1FjZN4TxP6cCw0jP2w7V3Hf5uX7M0AZJ16vey9yE0ny7Sa59ZA==",
      "dev": true,
      "license": "MIT",
      "dependencies": {
        "pako": "^1.0.6"
      }
    },
    "node_modules/@quario/layout": {
      "version": "0.10.0",
      "resolved": "https://registry.npmjs.org/@quario/layout/-/layout-0.10.0.tgz",
      "integrity": "sha512-P09JWi/HV6Up0DM2EiL6MaC3+JskO5znzClOPQuCd40okBUEsnI+AgtzVHhhKIur39u4x+QlfctX4rLsWWSQ3A==",
      "dev": true,
      "license": "SEE LICENSE IN LICENSE",
      "dependencies": {
        "@pdf-lib/standard-fonts": "^1.0.0"
      },
      "engines": {
        "node": ">=22.0.0"
      },
      "peerDependencies": {
        "fontkit": "^2.0.4",
        "quario": "^0.14.0"
      },
      "peerDependenciesMeta": {
        "fontkit": {
          "optional": true
        }
      }
    },
    "node_modules/@quario/pdf": {
      "version": "0.13.0",
      "resolved": "https://registry.npmjs.org/@quario/pdf/-/pdf-0.13.0.tgz",
      "integrity": "sha512-AGSLsT5Sj1ZoU8Y4Y3bWsFSWVONR5WIIZ3DxeDKjTWwc5J6mUJ35TL6R0X+uI37yLcaxz7h/RRvkjHYgyPb0/A==",
      "dev": true,
      "license": "SEE LICENSE IN LICENSE",
      "dependencies": {
        "@cantoo/pdf-lib": "~2.11.1",
        "@quario/layout": "^0.10.0"
      },
      "engines": {
        "node": ">=22.0.0"
      },
      "peerDependencies": {
        "fontkit": "^2.0.4",
        "quario": "^0.14.0"
      },
      "peerDependenciesMeta": {
        "fontkit": {
          "optional": true
        }
      }
    },
    "node_modules/culori": {
      "version": "4.0.2",
      "resolved": "https://registry.npmjs.org/culori/-/culori-4.0.2.tgz",
      "integrity": "sha512-1+BhOB8ahCn4O0cep0Sh2l9KCOfOdY+BXJnKMHFFzDEouSr/el18QwXEMRlOj9UY5nCeA8UN3a/82rUWRBeyBw==",
      "dev": true,
      "license": "MIT",
      "engines": {
        "node": "^12.20.0 || ^14.13.1 || >=16.0.0"
      }
    },
    "node_modules/fflate": {
      "version": "0.8.3",
      "resolved": "https://registry.npmjs.org/fflate/-/fflate-0.8.3.tgz",
      "integrity": "sha512-tbZNuJrLwGUp3zshBtdy4W+ORxZuIh8a5ilyIEQDC5rY1f3U20JMry0Ll3WBzU58EZKsEuJFXhb5gwv8CsPvgA==",
      "dev": true,
      "license": "MIT"
    },
    "node_modules/html-entities": {
      "version": "2.6.0",
      "resolved": "https://registry.npmjs.org/html-entities/-/html-entities-2.6.0.tgz",
      "integrity": "sha512-kig+rMn/QOVRvr7c86gQ8lWXq+Hkv6CbAH1hLu+RG338StTpE8Z0b44SDVaqVu7HGKf27frdmUYEs9hTUX/cLQ==",
      "dev": true,
      "funding": [
        {
          "type": "github",
          "url": "https://github.com/sponsors/mdevils"
        },
        {
          "type": "patreon",
          "url": "https://patreon.com/mdevils"
        }
      ],
      "license": "MIT"
    },
    "node_modules/node-html-better-parser": {
      "version": "1.5.9",
      "resolved": "https://registry.npmjs.org/node-html-better-parser/-/node-html-better-parser-1.5.9.tgz",
      "integrity": "sha512-z1I5UINMezJXYL9cH3h0a9KBth2G978gSLlfkpQ+CQzzVHVQy9gpARgm9eDsz1O4gn1HtgUqjdAIYxKFZm6uHQ==",
      "dev": true,
      "license": "MIT",
      "dependencies": {
        "html-entities": "^2.3.2"
      }
    },
    "node_modules/padvinder": {
      "version": "0.9.0",
      "resolved": "https://registry.npmjs.org/padvinder/-/padvinder-0.9.0.tgz",
      "integrity": "sha512-6jfYnNVtxlSMJjvL1W92QlumUMaGP+iwHmEgpcWt0wDNmjN0T9R9+pWQ9ayAbc2NhpndsPolOIecX8cDQxmT8w==",
      "dev": true,
      "license": "Apache-2.0",
      "dependencies": {
        "treffer": "^0.5.0",
        "waarmerk": "^0.1.0"
      },
      "engines": {
        "node": ">=22.0.0"
      }
    },
    "node_modules/pako": {
      "version": "1.0.11",
      "resolved": "https://registry.npmjs.org/pako/-/pako-1.0.11.tgz",
      "integrity": "sha512-4hLB8Py4zZce5s4yd9XzopqwVv/yGNhV1Bl8NTmCq1763HeK2+EwVTv+leGeL13Dnh2wfbqowVPXCIO0z4taYw==",
      "dev": true,
      "license": "(MIT AND Zlib)"
    },
    "node_modules/quario": {
      "version": "0.14.0",
      "resolved": "https://registry.npmjs.org/quario/-/quario-0.14.0.tgz",
      "integrity": "sha512-GZMOlYydV02NLzmuHLb+gBIVvAtkSJ/CgxT4v+YOCVyJ9GEXwUOMXEZiSo/yDUE70WEpzG6at3bWxcZsemuHsw==",
      "dev": true,
      "license": "SEE LICENSE IN LICENSE",
      "dependencies": {
        "padvinder": "^0.9.0",
        "sjabloon": "^0.14.0",
        "xprsn": "^0.12.0"
      },
      "engines": {
        "node": ">=22.0.0"
      }
    },
    "node_modules/sjabloon": {
      "version": "0.14.0",
      "resolved": "https://registry.npmjs.org/sjabloon/-/sjabloon-0.14.0.tgz",
      "integrity": "sha512-Exx9JO47Ev5oKFC+ySNtZx+pwbWWaid6iYgk8oStRCfvYHmu8zTxoVQDdUDWLFg5bcyg5RItnwXIFzVx5XsQwQ==",
      "dev": true,
      "license": "Apache-2.0",
      "dependencies": {
        "waarmerk": "^0.1.0",
        "xprsn": "^0.12.0"
      },
      "engines": {
        "node": ">=22.12.0"
      }
    },
    "node_modules/treffer": {
      "version": "0.5.0",
      "resolved": "https://registry.npmjs.org/treffer/-/treffer-0.5.0.tgz",
      "integrity": "sha512-j9sFXFeM2vN13wrW4QUCjp7VNhx1i0/FJCoLP2zhelXDtY4GqMWi3zoGtW7R6h0N7OJXDW72+g3IcXHnDdnljg==",
      "dev": true,
      "license": "Apache-2.0",
      "dependencies": {
        "waarmerk": "^0.1.0"
      },
      "engines": {
        "node": ">=22.0.0"
      }
    },
    "node_modules/tslib": {
      "version": "2.8.1",
      "resolved": "https://registry.npmjs.org/tslib/-/tslib-2.8.1.tgz",
      "integrity": "sha512-oJFu94HQb+KVduSUQL7wnpmqnfmLsOA/nAh6b6EH0wCEoK0/mPeXU6c3wKDV83MkOuHPRHtSXKKU99IBazS/2w==",
      "dev": true,
      "license": "0BSD"
    },
    "node_modules/waarmerk": {
      "version": "0.1.0",
      "resolved": "https://registry.npmjs.org/waarmerk/-/waarmerk-0.1.0.tgz",
      "integrity": "sha512-YhSjaCLOuKDPV4Sev/5UPIX2VBQdXuszcBMrqXpLvFMXSTFUiyDRHZ5a3/VLqRJVCbEcMpGQSOpuolCy4sVxmw==",
      "dev": true,
      "license": "Apache-2.0",
      "engines": {
        "node": ">=22.0.0"
      }
    },
    "node_modules/xprsn": {
      "version": "0.12.0",
      "resolved": "https://registry.npmjs.org/xprsn/-/xprsn-0.12.0.tgz",
      "integrity": "sha512-lpfdi147hzvn1iwkveBgsvYEnuJiHoOazkMOS8Tp3XZnMLZq4uXHAHEO+YikbiNYXpPf1Waq2Rj5g9dQlqPqMw==",
      "dev": true,
      "license": "Apache-2.0",
      "dependencies": {
        "waarmerk": "^0.1.0"
      },
      "engines": {
        "node": ">=22.0.0"
      }
    }
  }
}
